{
  "name": "load_balance_example",
  "version": "1.0.0",
  "lockfileVersion": 1,
  "requires": true,
  "dependencies": {
    "fast_tcp_server": {
      "version": "0.0.9",
      "resolved": "https://registry.npmjs.org/fast_tcp_server/-/fast_tcp_server-0.0.9.tgz",
      "integrity": "sha512-Eak4B15KfaoNiH9ycNswfyBwGSDxFa1xQzmQLgHkBeqRCI4B0PvDk+5bWaWPHkuvRrAjY7zPLsZdcHv7lkJ+0w==",
      "requires": {
        "mime": "^2.3.1",
        "streamsearch": "^0.1.2"
      }
    },
    "mime": {
      "version": "2.4.0",
      "resolved": "https://registry.npmjs.org/mime/-/mime-2.4.0.tgz",
      "integrity": "sha512-ikBcWwyqXQSHKtciCcctu9YfPbFYZ4+gbHEmE0Q8jzcTYQg5dHCr3g2wwAZjPoJfQVXZq6KXAjpXOTf5/cjT7w=="
    },
    "streamsearch": {
      "version": "0.1.2",
      "resolved": "https://registry.npmjs.org/streamsearch/-/streamsearch-0.1.2.tgz",
      "integrity": "sha1-gIudDlb8Jz2Am6VzOOkpkZoanxo="
    }
  }
}
