{
    "name": "fast_load_balance",
    "version": "0.0.9",
    "lockfileVersion": 1,
    "requires": true,
    "dependencies": {
        "asn1.js": {
            "version": "4.10.1",
            "resolved": "https://registry.npmjs.org/asn1.js/-/asn1.js-4.10.1.tgz",
            "integrity": "sha512-p32cOF5q0Zqs9uBiONKYLm6BClCoBCM5O9JfeUSlnQLBTxYdTK+pW+nXflm8UkKd2UYlEbYz5qEi0JuZR9ckSw==",
            "requires": {
                "bn.js": "^4.0.0",
                "inherits": "^2.0.1",
                "minimalistic-assert": "^1.0.0"
            }
        },
        "asn1.js-rfc2560": {
            "version": "4.0.6",
            "resolved": "https://registry.npmjs.org/asn1.js-rfc2560/-/asn1.js-rfc2560-4.0.6.tgz",
            "integrity": "sha512-ysf48ni+f/efNPilq4+ApbifUPcSW/xbDeQAh055I+grr2gXgNRQqHew7kkO70WSMQ2tEOURVwsK+dJqUNjIIg==",
            "requires": {
                "asn1.js-rfc5280": "^2.0.0"
            }
        },
        "asn1.js-rfc5280": {
            "version": "2.0.1",
            "resolved": "https://registry.npmjs.org/asn1.js-rfc5280/-/asn1.js-rfc5280-2.0.1.tgz",
            "integrity": "sha512-1e2ypnvTbYD/GdxWK77tdLBahvo1fZUHlQJqAVUuZWdYj0rdjGcf2CWYUtbsyRYpYUMwMWLZFUtLxog8ZXTrcg==",
            "requires": {
                "asn1.js": "^4.5.0"
            }
        },
        "async": {
            "version": "1.5.2",
            "resolved": "http://registry.npmjs.org/async/-/async-1.5.2.tgz",
            "integrity": "sha1-7GphrlZIDAw8skHJVhjiCJL5Zyo="
        },
        "bn.js": {
            "version": "4.11.8",
            "resolved": "https://registry.npmjs.org/bn.js/-/bn.js-4.11.8.tgz",
            "integrity": "sha512-ItfYfPLkWHUjckQCk8xC+LwxgK8NYcXywGigJgSwOP8Y2iyWT4f2vsZnoOXTTbo+o5yXmIUJ4gn5538SO5S3gA=="
        },
        "inherits": {
            "version": "2.0.3",
            "resolved": "https://registry.npmjs.org/inherits/-/inherits-2.0.3.tgz",
            "integrity": "sha1-Yzwsg+PaQqUC9SRmAiSA9CCCYd4="
        },
        "minimalistic-assert": {
            "version": "1.0.1",
            "resolved": "https://registry.npmjs.org/minimalistic-assert/-/minimalistic-assert-1.0.1.tgz",
            "integrity": "sha512-UtJcAD4yEaGtjPezWuO9wC4nwUnVH/8/Im3yEHQP4b67cXlD/Qr9hdITCU1xDbSEXg2XKNaP8jsReV7vQd00/A=="
        },
        "ocsp": {
            "version": "1.2.0",
            "resolved": "https://registry.npmjs.org/ocsp/-/ocsp-1.2.0.tgz",
            "integrity": "sha1-RpoXdrRX3uZ+sCAUCMGUa6xAdsw=",
            "requires": {
                "asn1.js": "^4.8.0",
                "asn1.js-rfc2560": "^4.0.0",
                "asn1.js-rfc5280": "^2.0.0",
                "async": "^1.5.2",
                "simple-lru-cache": "0.0.2"
            }
        },
        "simple-lru-cache": {
            "version": "0.0.2",
            "resolved": "https://registry.npmjs.org/simple-lru-cache/-/simple-lru-cache-0.0.2.tgz",
            "integrity": "sha1-1ZzDoZPBpdAyD4Tucy9uRxPlEd0="
        }
    }
}
